
Microsoft Visual Studio Solution File, Format Version 12.00
# Visual Studio Version 16
VisualStudioVersion = 16.0.30114.105
MinimumVisualStudioVersion = 10.0.40219.1
Project("{8BC9CEB8-8B4A-11D0-8D11-00A0C91BC942}") = "GetSystemDumpHash", "GetSystemDumpHash\GetSystemDumpHash.vcxproj", "{8F5ABA31-69D8-42DF-B8B8-FC0E4EDA513F}"
EndProject
Global
	GlobalSection(SolutionConfigurationPlatforms) = preSolution
		Debug|x64 = Debug|x64
		Debug|x86 = Debug|x86
		Release|x64 = Release|x64
		Release|x86 = Release|x86
	EndGlobalSection
	GlobalSection(ProjectConfigurationPlatforms) = postSolution
		{8F5ABA31-69D8-42DF-B8B8-FC0E4EDA513F}.Debug|x64.ActiveCfg = Debug|x64
		{8F5ABA31-69D8-42DF-B8B8-FC0E4EDA513F}.Debug|x64.Build.0 = Debug|x64
		{8F5ABA31-69D8-42DF-B8B8-FC0E4EDA513F}.Debug|x86.ActiveCfg = Debug|Win32
		{8F5ABA31-69D8-42DF-B8B8-FC0E4EDA513F}.Debug|x86.Build.0 = Debug|Win32
		{8F5ABA31-69D8-42DF-B8B8-FC0E4EDA513F}.Release|x64.ActiveCfg = Release|x64
		{8F5ABA31-69D8-42DF-B8B8-FC0E4EDA513F}.Release|x64.Build.0 = Release|x64
		{8F5ABA31-69D8-42DF-B8B8-FC0E4EDA513F}.Release|x86.ActiveCfg = Release|Win32
		{8F5ABA31-69D8-42DF-B8B8-FC0E4EDA513F}.Release|x86.Build.0 = Release|Win32
	EndGlobalSection
	GlobalSection(SolutionProperties) = preSolution
		HideSolutionNode = FALSE
	EndGlobalSection
	GlobalSection(ExtensibilityGlobals) = postSolution
		SolutionGuid = {2666CFF0-EB03-4585-BCB8-44C098C86FF9}
	EndGlobalSection
EndGlobal
